
Microsoft Visual Studio Solution File, Format Version 12.00
# Visual Studio Version 17
VisualStudioVersion = 17.7.34202.233
MinimumVisualStudioVersion = 10.0.40219.1
Project("{FAE04EC0-301F-11D3-BF4B-00C04F79EFBC}") = "Matter Worlds", "WindowsFormsApp1\Matter Worlds.csproj", "{5369F2F7-F6C7-4F80-BF47-83D1B88E8055}"
EndProject
Global
	GlobalSection(SolutionConfigurationPlatforms) = preSolution
		Debug|Any CPU = Debug|Any CPU
		Release|Any CPU = Release|Any CPU
	EndGlobalSection
	GlobalSection(ProjectConfigurationPlatforms) = postSolution
		{5369F2F7-F6C7-4F80-BF47-83D1B88E8055}.Debug|Any CPU.ActiveCfg = Debug|Any CPU
		{5369F2F7-F6C7-4F80-BF47-83D1B88E8055}.Debug|Any CPU.Build.0 = Debug|Any CPU
		{5369F2F7-F6C7-4F80-BF47-83D1B88E8055}.Release|Any CPU.ActiveCfg = Release|Any CPU
		{5369F2F7-F6C7-4F80-BF47-83D1B88E8055}.Release|Any CPU.Build.0 = Release|Any CPU
	EndGlobalSection
	GlobalSection(SolutionProperties) = preSolution
		HideSolutionNode = FALSE
	EndGlobalSection
	GlobalSection(ExtensibilityGlobals) = postSolution
		SolutionGuid = {476EAEC6-EE15-423E-BD9B-2FF8401A63C7}
	EndGlobalSection
EndGlobal
